github.com/cadyrov/goerr v1.0.7 h1:/6tjP7QxvRWGTP2Ws/SemOhJIME9NTQf2hJ1/XpMKKI=
github.com/cadyrov/goerr v1.0.7/go.mod h1:zZZetB2ECHMm78vmCGnca6RzxWyCRePfmlW/kbBOIc0=
github.com/cadyrov/goerr v2.0.1+incompatible h1:1uQuzMDaX5NXq4OyJ28qYUNjkkcVD9xB6+9EflBtPds=
github.com/cadyrov/goerr v2.0.1+incompatible/go.mod h1:zZZetB2ECHMm78vmCGnca6RzxWyCRePfmlW/kbBOIc0=
gopkg.in/check.v1 v0.0.0-20161208181325-20d25e280405/go.mod h1:Co6ibVJAznAaIkqp8huTwlJQCZ016jof/cbN4VW5Yz0=
gopkg.in/yaml.v2 v2.3.0 h1:clyUAQHOM3G0M3f5vQj7LuJrETvjVot3Z5el9nffUtU=
gopkg.in/yaml.v2 v2.3.0/go.mod h1:hI93XBmqTisBFMUTm0b8Fm+jr3Dg1NNxqwp+5A1VGuI=
